// !$*UTF8*$!
{
	archiveVersion = 1;
	classes = {
	};
	objectVersion = 110;
	objects = {

/* Begin PBXBuildFile section */
		C040AA023039FFD900F0549A /* Citadel in Frameworks */ = {isa = PBXBuildFile; productRef = C040AA013039FFD900F0549A /* Citadel */; };
/* End PBXBuildFile section */

/* Begin PBXContainerItemProxy section */
		C040A9DE3039FA5800F0549A /* PBXContainerItemProxy */ = {
			isa = PBXContainerItemProxy;
			containerPortal = C040A9C83039FA5600F0549A /* Project object */;
			proxyType = 1;
			remoteGlobalIDString = C040A9CF3039FA5600F0549A;
			remoteInfo = "Shell Citadel";
		};
		C040A9E83039FA5800F0549A /* PBXContainerItemProxy */ = {
			isa = PBXContainerItemProxy;
			containerPortal = C040A9C83039FA5600F0549A /* Project object */;
			proxyType = 1;
			remoteGlobalIDString = C040A9CF3039FA5600F0549A;
			remoteInfo = "Shell Citadel";
		};
/* End PBXContainerItemProxy section */

/* Begin PBXFileReference section */
		C040A9D03039FA5600F0549A /* Shell Citadel.app */ = {isa = PBXFileReference; explicitFileType = wrapper.application; includeInIndex = 0; path = "Shell Citadel.app"; sourceTree = BUILT_PRODUCTS_DIR; };
		C040A9DD3039FA5800F0549A /* Shell CitadelTests.xctest */ = {isa = PBXFileReference; explicitFileType = wrapper.cfbundle; includeInIndex = 0; path = "Shell CitadelTests.xctest"; sourceTree = BUILT_PRODUCTS_DIR; };
		C040A9E73039FA5800F0549A /* Shell CitadelUITests.xctest */ = {isa = PBXFileReference; explicitFileType = wrapper.cfbundle; includeInIndex = 0; path = "Shell CitadelUITests.xctest"; sourceTree = BUILT_PRODUCTS_DIR; };
/* End PBXFileReference section */

/* Begin PBXFileSystemSynchronizedRootGroup section */
		C040A9D23039FA5600F0549A /* Shell Citadel */ = {
			isa = PBXFileSystemSynchronizedRootGroup;
			path = "Shell Citadel";
			sourceTree = "<group>";
		};
		C040A9E03039FA5800F0549A /* Shell CitadelTests */ = {
			isa = PBXFileSystemSynchronizedRootGroup;
			path = "Shell CitadelTests";
			sourceTree = "<group>";
		};
		C040A9EA3039FA5800F0549A /* Shell CitadelUITests */ = {
			isa = PBXFileSystemSynchronizedRootGroup;
			path = "Shell CitadelUITests";
			sourceTree = "<group>";
		};
/* End PBXFileSystemSynchronizedRootGroup section */

/* Begin PBXFrameworksBuildPhase section */
		C040A9CD3039FA5600F0549A /* Frameworks */ = {
			isa = PBXFrameworksBuildPhase;
			files = (
				C040AA023039FFD900F0549A /* Citadel in Frameworks */,
			);
		};
		C040A9DA3039FA5800F0549A /* Frameworks */ = {
			isa = PBXFrameworksBuildPhase;
			files = (
			);
		};
		C040A9E43039FA5800F0549A /* Frameworks */ = {
			isa = PBXFrameworksBuildPhase;
			files = (
			);
		};
/* End PBXFrameworksBuildPhase section */

/* Begin PBXGroup section */
		C040A9C73039FA5600F0549A = {
			isa = PBXGroup;
			children = (
				C040A9D23039FA5600F0549A /* Shell Citadel */,
				C040A9E03039FA5800F0549A /* Shell CitadelTests */,
				C040A9EA3039FA5800F0549A /* Shell CitadelUITests */,
				C040A9D13039FA5600F0549A /* Products */,
			);
			sourceTree = "<group>";
		};
		C040A9D13039FA5600F0549A /* Products */ = {
			isa = PBXGroup;
			children = (
				C040A9D03039FA5600F0549A /* Shell Citadel.app */,
				C040A9DD3039FA5800F0549A /* Shell CitadelTests.xctest */,
				C040A9E73039FA5800F0549A /* Shell CitadelUITests.xctest */,
			);
			name = Products;
			sourceTree = "<group>";
		};
/* End PBXGroup section */

/* Begin PBXNativeTarget section */
		C040A9CF3039FA5600F0549A /* Shell Citadel */ = {
			isa = PBXNativeTarget;
			buildConfigurationList = C040A9EF3039FA5800F0549A /* Build configuration list for PBXNativeTarget "Shell Citadel" */;
			buildPhases = (
				C040A9CC3039FA5600F0549A /* Sources */,
				C040A9CD3039FA5600F0549A /* Frameworks */,
				C040A9CE3039FA5600F0549A /* Resources */,
			);
			buildRules = (
			);
			fileSystemSynchronizedGroups = (
				C040A9D23039FA5600F0549A /* Shell Citadel */,
			);
			name = "Shell Citadel";
			packageProductDependencies = (
				C040AA013039FFD900F0549A /* Citadel */,
			);
			productName = "Shell Citadel";
			productReference = C040A9D03039FA5600F0549A /* Shell Citadel.app */;
			productType = "com.apple.product-type.application";
		};
		C040A9DC3039FA5800F0549A /* Shell CitadelTests */ = {
			isa = PBXNativeTarget;
			buildConfigurationList = C040A9F23039FA5800F0549A /* Build configuration list for PBXNativeTarget "Shell CitadelTests" */;
			buildPhases = (
				C040A9D93039FA5800F0549A /* Sources */,
				C040A9DA3039FA5800F0549A /* Frameworks */,
				C040A9DB3039FA5800F0549A /* Resources */,
			);
			buildRules = (
			);
			dependencies = (
				C040A9DF3039FA5800F0549A /* PBXTargetDependency */,
			);
			fileSystemSynchronizedGroups = (
				C040A9E03039FA5800F0549A /* Shell CitadelTests */,
			);
			name = "Shell CitadelTests";
			productName = "Shell CitadelTests";
			productReference = C040A9DD3039FA5800F0549A /* Shell CitadelTests.xctest */;
			productType = "com.apple.product-type.bundle.unit-test";
		};
		C040A9E63039FA5800F0549A /* Shell CitadelUITests */ = {
			isa = PBXNativeTarget;
			buildConfigurationList = C040A9F53039FA5800F0549A /* Build configuration list for PBXNativeTarget "Shell CitadelUITests" */;
			buildPhases = (
				C040A9E33039FA5800F0549A /* Sources */,
				C040A9E43039FA5800F0549A /* Frameworks */,
				C040A9E53039FA5800F0549A /* Resources */,
			);
			buildRules = (
			);
			dependencies = (
				C040A9E93039FA5800F0549A /* PBXTargetDependency */,
			);
			fileSystemSynchronizedGroups = (
				C040A9EA3039FA5800F0549A /* Shell CitadelUITests */,
			);
			name = "Shell CitadelUITests";
			productName = "Shell CitadelUITests";
			productReference = C040A9E73039FA5800F0549A /* Shell CitadelUITests.xctest */;
			productType = "com.apple.product-type.bundle.ui-testing";
		};
/* End PBXNativeTarget section */

/* Begin PBXProject section */
		C040A9C83039FA5600F0549A /* Project object */ = {
			isa = PBXProject;
			attributes = {
				BuildIndependentTargetsInParallel = 1;
				LastSwiftUpdateCheck = 2700;
				LastUpgradeCheck = 2700;
				TargetAttributes = {
					C040A9CF3039FA5600F0549A = {
						CreatedOnToolsVersion = 27.0;
					};
					C040A9DC3039FA5800F0549A = {
						CreatedOnToolsVersion = 27.0;
						TestTargetID = C040A9CF3039FA5600F0549A;
					};
					C040A9E63039FA5800F0549A = {
						CreatedOnToolsVersion = 27.0;
						TestTargetID = C040A9CF3039FA5600F0549A;
					};
				};
			};
			buildConfigurationList = C040A9CB3039FA5600F0549A /* Build configuration list for PBXProject "Shell Citadel" */;
			developmentRegion = en;
			hasScannedForEncodings = 0;
			knownRegions = (
				en,
				Base,
			);
			mainGroup = C040A9C73039FA5600F0549A;
			minimizedProjectReferenceProxies = 1;
			packageReferences = (
				C040AA003039FFD900F0549A /* XCRemoteSwiftPackageReference "Citadel" */,
			);
			preferredProjectObjectVersion = 77;
			productRefGroup = C040A9D13039FA5600F0549A /* Products */;
			projectDirPath = "";
			projectRoot = "";
			targets = (
				C040A9CF3039FA5600F0549A /* Shell Citadel */,
				C040A9DC3039FA5800F0549A /* Shell CitadelTests */,
				C040A9E63039FA5800F0549A /* Shell CitadelUITests */,
			);
		};
/* End PBXProject section */

/* Begin PBXResourcesBuildPhase section */
		C040A9CE3039FA5600F0549A /* Resources */ = {
			isa = PBXResourcesBuildPhase;
			files = (
			);
		};
		C040A9DB3039FA5800F0549A /* Resources */ = {
			isa = PBXResourcesBuildPhase;
			files = (
			);
		};
		C040A9E53039FA5800F0549A /* Resources */ = {
			isa = PBXResourcesBuildPhase;
			files = (
			);
		};
/* End PBXResourcesBuildPhase section */

/* Begin PBXSourcesBuildPhase section */
		C040A9CC3039FA5600F0549A /* Sources */ = {
			isa = PBXSourcesBuildPhase;
			files = (
			);
		};
		C040A9D93039FA5800F0549A /* Sources */ = {
			isa = PBXSourcesBuildPhase;
			files = (
			);
		};
		C040A9E33039FA5800F0549A /* Sources */ = {
			isa = PBXSourcesBuildPhase;
			files = (
			);
		};
/* End PBXSourcesBuildPhase section */

/* Begin PBXTargetDependency section */
		C040A9DF3039FA5800F0549A /* PBXTargetDependency */ = {
			isa = PBXTargetDependency;
			target = C040A9CF3039FA5600F0549A /* Shell Citadel */;
			targetProxy = C040A9DE3039FA5800F0549A /* PBXContainerItemProxy */;
		};
		C040A9E93039FA5800F0549A /* PBXTargetDependency */ = {
			isa = PBXTargetDependency;
			target = C040A9CF3039FA5600F0549A /* Shell Citadel */;
			targetProxy = C040A9E83039FA5800F0549A /* PBXContainerItemProxy */;
		};
/* End PBXTargetDependency section */

/* Begin XCBuildConfiguration section */
		C040A9ED3039FA5800F0549A /* Debug configuration for PBXProject "Shell Citadel" */ = {
			isa = XCBuildConfiguration;
			buildSettings = {
				ALWAYS_SEARCH_USER_PATHS = NO;
				ASSETCATALOG_COMPILER_GENERATE_SWIFT_ASSET_SYMBOL_EXTENSIONS = YES;
				CLANG_ANALYZER_NONNULL = YES;
				CLANG_ANALYZER_NUMBER_OBJECT_CONVERSION = YES_AGGRESSIVE;
				CLANG_CXX_LANGUAGE_STANDARD = "gnu++20";
				CLANG_ENABLE_MODULES = YES;
				CLANG_ENABLE_OBJC_ARC = YES;
				CLANG_ENABLE_OBJC_WEAK = YES;
				CLANG_WARN_BLOCK_CAPTURE_AUTORELEASING = YES;
				CLANG_WARN_BOOL_CONVERSION = YES;
				CLANG_WARN_COMMA = YES;
				CLANG_WARN_CONSTANT_CONVERSION = YES;
				CLANG_WARN_DEPRECATED_OBJC_IMPLEMENTATIONS = YES;
				CLANG_WARN_DIRECT_OBJC_ISA_USAGE = YES_ERROR;
				CLANG_WARN_DOCUMENTATION_COMMENTS = YES;
				CLANG_WARN_EMPTY_BODY = YES;
				CLANG_WARN_ENUM_CONVERSION = YES;
				CLANG_WARN_INFINITE_RECURSION = YES;
				CLANG_WARN_INT_CONVERSION = YES;
				CLANG_WARN_NON_LITERAL_NULL_CONVERSION = YES;
				CLANG_WARN_OBJC_IMPLICIT_RETAIN_SELF = YES;
				CLANG_WARN_OBJC_LITERAL_CONVERSION = YES;
				CLANG_WARN_OBJC_ROOT_CLASS = YES_ERROR;
				CLANG_WARN_QUOTED_INCLUDE_IN_FRAMEWORK_HEADER = YES;
				CLANG_WARN_RANGE_LOOP_ANALYSIS = YES;
				CLANG_WARN_STRICT_PROTOTYPES = YES;
				CLANG_WARN_SUSPICIOUS_MOVE = YES;
				CLANG_WARN_UNGUARDED_AVAILABILITY = YES_AGGRESSIVE;
				CLANG_WARN_UNREACHABLE_CODE = YES;
				CLANG_WARN__DUPLICATE_METHOD_MATCH = YES;
				COPY_PHASE_STRIP = NO;
				DEBUG_INFORMATION_FORMAT = dwarf;
				DEVELOPMENT_TEAM = 3X3F6UJ44H;
				ENABLE_STRICT_OBJC_MSGSEND = YES;
				ENABLE_TESTABILITY = YES;
				ENABLE_USER_SCRIPT_SANDBOXING = YES;
				GCC_C_LANGUAGE_STANDARD = gnu17;
				GCC_DYNAMIC_NO_PIC = NO;
				GCC_NO_COMMON_BLOCKS = YES;
				GCC_OPTIMIZATION_LEVEL = 0;
				GCC_PREPROCESSOR_DEFINITIONS = (
					"DEBUG=1",
					"$(inherited)",
				);
				GCC_WARN_64_TO_32_BIT_CONVERSION = YES;
				GCC_WARN_ABOUT_RETURN_TYPE = YES_ERROR;
				GCC_WARN_UNDECLARED_SELECTOR = YES;
				GCC_WARN_UNINITIALIZED_AUTOS = YES_AGGRESSIVE;
				GCC_WARN_UNUSED_FUNCTION = YES;
				GCC_WARN_UNUSED_VARIABLE = YES;
				IPHONEOS_DEPLOYMENT_TARGET = 27.0;
				LOCALIZATION_PREFERS_STRING_CATALOGS = YES;
				MTL_ENABLE_DEBUG_INFO = INCLUDE_SOURCE;
				MTL_FAST_MATH = YES;
				ONLY_ACTIVE_ARCH = YES;
				SDKROOT = iphoneos;
				SWIFT_ACTIVE_COMPILATION_CONDITIONS = "DEBUG $(inherited)";
				SWIFT_OPTIMIZATION_LEVEL = "-Onone";
			};
			name = Debug;
		};
		C040A9EE3039FA5800F0549A /* Release configuration for PBXProject "Shell Citadel" */ = {
			isa = XCBuildConfiguration;
			buildSettings = {
				ALWAYS_SEARCH_USER_PATHS = NO;
				ASSETCATALOG_COMPILER_GENERATE_SWIFT_ASSET_SYMBOL_EXTENSIONS = YES;
				CLANG_ANALYZER_NONNULL = YES;
				CLANG_ANALYZER_NUMBER_OBJECT_CONVERSION = YES_AGGRESSIVE;
				CLANG_CXX_LANGUAGE_STANDARD = "gnu++20";
				CLANG_ENABLE_MODULES = YES;
				CLANG_ENABLE_OBJC_ARC = YES;
				CLANG_ENABLE_OBJC_WEAK = YES;
				CLANG_WARN_BLOCK_CAPTURE_AUTORELEASING = YES;
				CLANG_WARN_BOOL_CONVERSION = YES;
				CLANG_WARN_COMMA = YES;
				CLANG_WARN_CONSTANT_CONVERSION = YES;
				CLANG_WARN_DEPRECATED_OBJC_IMPLEMENTATIONS = YES;
				CLANG_WARN_DIRECT_OBJC_ISA_USAGE = YES_ERROR;
				CLANG_WARN_DOCUMENTATION_COMMENTS = YES;
				CLANG_WARN_EMPTY_BODY = YES;
				CLANG_WARN_ENUM_CONVERSION = YES;
				CLANG_WARN_INFINITE_RECURSION = YES;
				CLANG_WARN_INT_CONVERSION = YES;
				CLANG_WARN_NON_LITERAL_NULL_CONVERSION = YES;
				CLANG_WARN_OBJC_IMPLICIT_RETAIN_SELF = YES;
				CLANG_WARN_OBJC_LITERAL_CONVERSION = YES;
				CLANG_WARN_OBJC_ROOT_CLASS = YES_ERROR;
				CLANG_WARN_QUOTED_INCLUDE_IN_FRAMEWORK_HEADER = YES;
				CLANG_WARN_RANGE_LOOP_ANALYSIS = YES;
				CLANG_WARN_STRICT_PROTOTYPES = YES;
				CLANG_WARN_SUSPICIOUS_MOVE = YES;
				CLANG_WARN_UNGUARDED_AVAILABILITY = YES_AGGRESSIVE;
				CLANG_WARN_UNREACHABLE_CODE = YES;
				CLANG_WARN__DUPLICATE_METHOD_MATCH = YES;
				COPY_PHASE_STRIP = NO;
				DEBUG_INFORMATION_FORMAT = "dwarf-with-dsym";
				DEVELOPMENT_TEAM = 3X3F6UJ44H;
				ENABLE_NS_ASSERTIONS = NO;
				ENABLE_STRICT_OBJC_MSGSEND = YES;
				ENABLE_USER_SCRIPT_SANDBOXING = YES;
				GCC_C_LANGUAGE_STANDARD = gnu17;
				GCC_NO_COMMON_BLOCKS = YES;
				GCC_WARN_64_TO_32_BIT_CONVERSION = YES;
				GCC_WARN_ABOUT_RETURN_TYPE = YES_ERROR;
				GCC_WARN_UNDECLARED_SELECTOR = YES;
				GCC_WARN_UNINITIALIZED_AUTOS = YES_AGGRESSIVE;
				GCC_WARN_UNUSED_FUNCTION = YES;
				GCC_WARN_UNUSED_VARIABLE = YES;
				IPHONEOS_DEPLOYMENT_TARGET = 27.0;
				LOCALIZATION_PREFERS_STRING_CATALOGS = YES;
				MTL_ENABLE_DEBUG_INFO = NO;
				MTL_FAST_MATH = YES;
				SDKROOT = iphoneos;
				SWIFT_COMPILATION_MODE = wholemodule;
				VALIDATE_PRODUCT = YES;
			};
			name = Release;
		};
		C040A9F03039FA5800F0549A /* Debug configuration for PBXNativeTarget "Shell Citadel" */ = {
			isa = XCBuildConfiguration;
			buildSettings = {
				ASSETCATALOG_COMPILER_APPICON_NAME = AppIcon;
				ASSETCATALOG_COMPILER_GLOBAL_ACCENT_COLOR_NAME = AccentColor;
				CODE_SIGN_STYLE = Automatic;
				CURRENT_PROJECT_VERSION = 1;
				DEVELOPMENT_TEAM = 3X3F6UJ44H;
				ENABLE_PREVIEWS = YES;
				GENERATE_INFOPLIST_FILE = YES;
				INFOPLIST_KEY_NSLocalNetworkUsageDescription = "Shell Citadel connects to your own Mac on your network. Nothing leaves your network, and there is no account or server involved.";
				INFOPLIST_KEY_NSBonjourServices = "_ssh._tcp";
				INFOPLIST_KEY_UIApplicationSceneManifest_Generation = YES;
				INFOPLIST_KEY_UIApplicationSupportsIndirectInputEvents = YES;
				INFOPLIST_KEY_UILaunchScreen_Generation = YES;
				INFOPLIST_KEY_UISupportedInterfaceOrientations_iPad = "UIInterfaceOrientationPortrait UIInterfaceOrientationPortraitUpsideDown UIInterfaceOrientationLandscapeLeft UIInterfaceOrientationLandscapeRight";
				INFOPLIST_KEY_UISupportedInterfaceOrientations_iPhone = "UIInterfaceOrientationPortrait UIInterfaceOrientationLandscapeLeft UIInterfaceOrientationLandscapeRight";
				LD_RUNPATH_SEARCH_PATHS = (
					"$(inherited)",
					"@executable_path/Frameworks",
				);
				MARKETING_VERSION = 1.0;
				PRODUCT_BUNDLE_IDENTIFIER = "com.nightgard.Shell-Citadel";
				PRODUCT_NAME = "$(TARGET_NAME)";
				STRING_CATALOG_GENERATE_SYMBOLS = YES;
				SWIFT_APPROACHABLE_CONCURRENCY = YES;
				SWIFT_DEFAULT_ACTOR_ISOLATION = MainActor;
				SWIFT_EMIT_LOC_STRINGS = YES;
				SWIFT_UPCOMING_FEATURE_MEMBER_IMPORT_VISIBILITY = YES;
				SWIFT_VERSION = 5.0;
				TARGETED_DEVICE_FAMILY = "1,2";
			};
			name = Debug;
		};
		C040A9F13039FA5800F0549A /* Release configuration for PBXNativeTarget "Shell Citadel" */ = {
			isa = XCBuildConfiguration;
			buildSettings = {
				ASSETCATALOG_COMPILER_APPICON_NAME = AppIcon;
				ASSETCATALOG_COMPILER_GLOBAL_ACCENT_COLOR_NAME = AccentColor;
				CODE_SIGN_STYLE = Automatic;
				CURRENT_PROJECT_VERSION = 1;
				DEVELOPMENT_TEAM = 3X3F6UJ44H;
				ENABLE_PREVIEWS = YES;
				GENERATE_INFOPLIST_FILE = YES;
				INFOPLIST_KEY_NSLocalNetworkUsageDescription = "Shell Citadel connects to your own Mac on your network. Nothing leaves your network, and there is no account or server involved.";
				INFOPLIST_KEY_NSBonjourServices = "_ssh._tcp";
				INFOPLIST_KEY_UIApplicationSceneManifest_Generation = YES;
				INFOPLIST_KEY_UIApplicationSupportsIndirectInputEvents = YES;
				INFOPLIST_KEY_UILaunchScreen_Generation = YES;
				INFOPLIST_KEY_UISupportedInterfaceOrientations_iPad = "UIInterfaceOrientationPortrait UIInterfaceOrientationPortraitUpsideDown UIInterfaceOrientationLandscapeLeft UIInterfaceOrientationLandscapeRight";
				INFOPLIST_KEY_UISupportedInterfaceOrientations_iPhone = "UIInterfaceOrientationPortrait UIInterfaceOrientationLandscapeLeft UIInterfaceOrientationLandscapeRight";
				LD_RUNPATH_SEARCH_PATHS = (
					"$(inherited)",
					"@executable_path/Frameworks",
				);
				MARKETING_VERSION = 1.0;
				PRODUCT_BUNDLE_IDENTIFIER = "com.nightgard.Shell-Citadel";
				PRODUCT_NAME = "$(TARGET_NAME)";
				STRING_CATALOG_GENERATE_SYMBOLS = YES;
				SWIFT_APPROACHABLE_CONCURRENCY = YES;
				SWIFT_DEFAULT_ACTOR_ISOLATION = MainActor;
				SWIFT_EMIT_LOC_STRINGS = YES;
				SWIFT_UPCOMING_FEATURE_MEMBER_IMPORT_VISIBILITY = YES;
				SWIFT_VERSION = 5.0;
				TARGETED_DEVICE_FAMILY = "1,2";
			};
			name = Release;
		};
		C040A9F33039FA5800F0549A /* Debug configuration for PBXNativeTarget "Shell CitadelTests" */ = {
			isa = XCBuildConfiguration;
			buildSettings = {
				BUNDLE_LOADER = "$(TEST_HOST)";
				CODE_SIGN_STYLE = Automatic;
				CURRENT_PROJECT_VERSION = 1;
				DEVELOPMENT_TEAM = 3X3F6UJ44H;
				GENERATE_INFOPLIST_FILE = YES;
				IPHONEOS_DEPLOYMENT_TARGET = 27.0;
				MARKETING_VERSION = 1.0;
				PRODUCT_BUNDLE_IDENTIFIER = "com.nightgard.Shell-CitadelTests";
				PRODUCT_NAME = "$(TARGET_NAME)";
				STRING_CATALOG_GENERATE_SYMBOLS = NO;
				SWIFT_APPROACHABLE_CONCURRENCY = YES;
				SWIFT_EMIT_LOC_STRINGS = NO;
				SWIFT_UPCOMING_FEATURE_MEMBER_IMPORT_VISIBILITY = YES;
				SWIFT_VERSION = 5.0;
				TARGETED_DEVICE_FAMILY = "1,2";
				TEST_HOST = "$(BUILT_PRODUCTS_DIR)/Shell Citadel.app/$(BUNDLE_EXECUTABLE_FOLDER_PATH)/Shell Citadel";
			};
			name = Debug;
		};
		C040A9F43039FA5800F0549A /* Release configuration for PBXNativeTarget "Shell CitadelTests" */ = {
			isa = XCBuildConfiguration;
			buildSettings = {
				BUNDLE_LOADER = "$(TEST_HOST)";
				CODE_SIGN_STYLE = Automatic;
				CURRENT_PROJECT_VERSION = 1;
				DEVELOPMENT_TEAM = 3X3F6UJ44H;
				GENERATE_INFOPLIST_FILE = YES;
				IPHONEOS_DEPLOYMENT_TARGET = 27.0;
				MARKETING_VERSION = 1.0;
				PRODUCT_BUNDLE_IDENTIFIER = "com.nightgard.Shell-CitadelTests";
				PRODUCT_NAME = "$(TARGET_NAME)";
				STRING_CATALOG_GENERATE_SYMBOLS = NO;
				SWIFT_APPROACHABLE_CONCURRENCY = YES;
				SWIFT_EMIT_LOC_STRINGS = NO;
				SWIFT_UPCOMING_FEATURE_MEMBER_IMPORT_VISIBILITY = YES;
				SWIFT_VERSION = 5.0;
				TARGETED_DEVICE_FAMILY = "1,2";
				TEST_HOST = "$(BUILT_PRODUCTS_DIR)/Shell Citadel.app/$(BUNDLE_EXECUTABLE_FOLDER_PATH)/Shell Citadel";
			};
			name = Release;
		};
		C040A9F63039FA5800F0549A /* Debug configuration for PBXNativeTarget "Shell CitadelUITests" */ = {
			isa = XCBuildConfiguration;
			buildSettings = {
				CODE_SIGN_STYLE = Automatic;
				CURRENT_PROJECT_VERSION = 1;
				DEVELOPMENT_TEAM = 3X3F6UJ44H;
				GENERATE_INFOPLIST_FILE = YES;
				MARKETING_VERSION = 1.0;
				PRODUCT_BUNDLE_IDENTIFIER = "com.nightgard.Shell-CitadelUITests";
				PRODUCT_NAME = "$(TARGET_NAME)";
				STRING_CATALOG_GENERATE_SYMBOLS = NO;
				SWIFT_APPROACHABLE_CONCURRENCY = YES;
				SWIFT_EMIT_LOC_STRINGS = NO;
				SWIFT_UPCOMING_FEATURE_MEMBER_IMPORT_VISIBILITY = YES;
				SWIFT_VERSION = 5.0;
				TARGETED_DEVICE_FAMILY = "1,2";
				TEST_TARGET_NAME = "Shell Citadel";
			};
			name = Debug;
		};
		C040A9F73039FA5800F0549A /* Release configuration for PBXNativeTarget "Shell CitadelUITests" */ = {
			isa = XCBuildConfiguration;
			buildSettings = {
				CODE_SIGN_STYLE = Automatic;
				CURRENT_PROJECT_VERSION = 1;
				DEVELOPMENT_TEAM = 3X3F6UJ44H;
				GENERATE_INFOPLIST_FILE = YES;
				MARKETING_VERSION = 1.0;
				PRODUCT_BUNDLE_IDENTIFIER = "com.nightgard.Shell-CitadelUITests";
				PRODUCT_NAME = "$(TARGET_NAME)";
				STRING_CATALOG_GENERATE_SYMBOLS = NO;
				SWIFT_APPROACHABLE_CONCURRENCY = YES;
				SWIFT_EMIT_LOC_STRINGS = NO;
				SWIFT_UPCOMING_FEATURE_MEMBER_IMPORT_VISIBILITY = YES;
				SWIFT_VERSION = 5.0;
				TARGETED_DEVICE_FAMILY = "1,2";
				TEST_TARGET_NAME = "Shell Citadel";
			};
			name = Release;
		};
/* End XCBuildConfiguration section */

/* Begin XCConfigurationList section */
		C040A9CB3039FA5600F0549A /* Build configuration list for PBXProject "Shell Citadel" */ = {
			isa = XCConfigurationList;
			buildConfigurations = (
				C040A9ED3039FA5800F0549A /* Debug configuration for PBXProject "Shell Citadel" */,
				C040A9EE3039FA5800F0549A /* Release configuration for PBXProject "Shell Citadel" */,
			);
			defaultConfigurationName = Release;
		};
		C040A9EF3039FA5800F0549A /* Build configuration list for PBXNativeTarget "Shell Citadel" */ = {
			isa = XCConfigurationList;
			buildConfigurations = (
				C040A9F03039FA5800F0549A /* Debug configuration for PBXNativeTarget "Shell Citadel" */,
				C040A9F13039FA5800F0549A /* Release configuration for PBXNativeTarget "Shell Citadel" */,
			);
			defaultConfigurationName = Release;
		};
		C040A9F23039FA5800F0549A /* Build configuration list for PBXNativeTarget "Shell CitadelTests" */ = {
			isa = XCConfigurationList;
			buildConfigurations = (
				C040A9F33039FA5800F0549A /* Debug configuration for PBXNativeTarget "Shell CitadelTests" */,
				C040A9F43039FA5800F0549A /* Release configuration for PBXNativeTarget "Shell CitadelTests" */,
			);
			defaultConfigurationName = Release;
		};
		C040A9F53039FA5800F0549A /* Build configuration list for PBXNativeTarget "Shell CitadelUITests" */ = {
			isa = XCConfigurationList;
			buildConfigurations = (
				C040A9F63039FA5800F0549A /* Debug configuration for PBXNativeTarget "Shell CitadelUITests" */,
				C040A9F73039FA5800F0549A /* Release configuration for PBXNativeTarget "Shell CitadelUITests" */,
			);
			defaultConfigurationName = Release;
		};
/* End XCConfigurationList section */

/* Begin XCRemoteSwiftPackageReference section */
		C040AA003039FFD900F0549A /* XCRemoteSwiftPackageReference "Citadel" */ = {
			isa = XCRemoteSwiftPackageReference;
			repositoryURL = "https://github.com/orlandos-nl/Citadel";
			requirement = {
				kind = exactVersion;
				version = 0.12.1;
			};
		};
/* End XCRemoteSwiftPackageReference section */

/* Begin XCSwiftPackageProductDependency section */
		C040AA013039FFD900F0549A /* Citadel */ = {
			isa = XCSwiftPackageProductDependency;
			package = C040AA003039FFD900F0549A /* XCRemoteSwiftPackageReference "Citadel" */;
			productName = Citadel;
		};
/* End XCSwiftPackageProductDependency section */
	};
	rootObject = C040A9C83039FA5600F0549A /* Project object */;
	validationLevel = 1;
}
